# This file was autogenerated by Stack.
# You should not edit this file by hand.
# For more information, please see the documentation at:
#   https://docs.haskellstack.org/en/stable/lock_files

packages:
- completed:
    hackage: intero-0.1.39@sha256:23adde845e710438236638a9ccc2a5d5a87a2c28830eeae79901aa0a89c19d5a,1879
    pantry-tree:
      size: 1131
      sha256: 338c29c4558cae71f635d4c6038362b6bc3058da403560086d8c77ccab847c23
  original:
    hackage: intero-0.1.39
- completed:
    hackage: haskeline-0.7.5.0@sha256:85ca69b4e463c88d3c2be668e708898320dce9e36937e45d2a475e8c330765db,4819
    pantry-tree:
      size: 2855
      sha256: 9148a8a3c964c1cf7f196f6d664115ccefb3a62cb198594d8438204cbe87eab9
  original:
    hackage: haskeline-0.7.5.0
snapshots:
- completed:
    size: 495203
    url: https://raw.githubusercontent.com/commercialhaskell/stackage-snapshots/master/lts/13/8.yaml
    sha256: 91139b0de6b320b13e27d5e6e6c368e239974b06fb9dc86d8d96da08697972ac
  original: lts-13.8
